
Microsoft Visual Studio Solution File, Format Version 12.00
# Visual Studio 15
VisualStudioVersion = 15.0.28307.421
MinimumVisualStudioVersion = 10.0.40219.1
Project("{FAE04EC0-301F-11D3-BF4B-00C04F79EFBC}") = "jamgph-ytdownloader", "jamgph-ytdownloader\jamgph-ytdownloader.csproj", "{AC332E1F-A1FD-48F2-8A6D-FE6D2A2EBC0E}"
EndProject
Global
	GlobalSection(SolutionConfigurationPlatforms) = preSolution
		Debug|Any CPU = Debug|Any CPU
		Release|Any CPU = Release|Any CPU
	EndGlobalSection
	GlobalSection(ProjectConfigurationPlatforms) = postSolution
		{AC332E1F-A1FD-48F2-8A6D-FE6D2A2EBC0E}.Debug|Any CPU.ActiveCfg = Debug|Any CPU
		{AC332E1F-A1FD-48F2-8A6D-FE6D2A2EBC0E}.Debug|Any CPU.Build.0 = Debug|Any CPU
		{AC332E1F-A1FD-48F2-8A6D-FE6D2A2EBC0E}.Release|Any CPU.ActiveCfg = Release|Any CPU
		{AC332E1F-A1FD-48F2-8A6D-FE6D2A2EBC0E}.Release|Any CPU.Build.0 = Release|Any CPU
	EndGlobalSection
	GlobalSection(SolutionProperties) = preSolution
		HideSolutionNode = FALSE
	EndGlobalSection
	GlobalSection(ExtensibilityGlobals) = postSolution
		SolutionGuid = {F2868C68-CA2B-4D2B-BBF6-FCFC4E796373}
	EndGlobalSection
EndGlobal
